
Microsoft Visual Studio Solution File, Format Version 12.00
# Visual Studio 14
VisualStudioVersion = 14.0.24720.0
MinimumVisualStudioVersion = 10.0.40219.1
Project("{FAE04EC0-301F-11D3-BF4B-00C04F79EFBC}") = "CityLocator", "src\CityLocator\CityLocator.csproj", "{6445CF89-637E-4C70-9170-FBF1E92C3AC6}"
EndProject
Global
	GlobalSection(SolutionConfigurationPlatforms) = preSolution
		Debug|Any CPU = Debug|Any CPU
		Release|Any CPU = Release|Any CPU
	EndGlobalSection
	GlobalSection(ProjectConfigurationPlatforms) = postSolution
		{6445CF89-637E-4C70-9170-FBF1E92C3AC6}.Debug|Any CPU.ActiveCfg = Debug|Any CPU
		{6445CF89-637E-4C70-9170-FBF1E92C3AC6}.Debug|Any CPU.Build.0 = Debug|Any CPU
		{6445CF89-637E-4C70-9170-FBF1E92C3AC6}.Release|Any CPU.ActiveCfg = Release|Any CPU
		{6445CF89-637E-4C70-9170-FBF1E92C3AC6}.Release|Any CPU.Build.0 = Release|Any CPU
	EndGlobalSection
	GlobalSection(SolutionProperties) = preSolution
		HideSolutionNode = FALSE
	EndGlobalSection
EndGlobal
